// !$*UTF8*$!
{
	archiveVersion = 1;
	classes = {
	};
	objectVersion = 55;
	objects = {

/* Begin PBXBuildFile section */
		F4AFECE72760F8B400548F41 /* AppDelegate.swift in Sources */ = {isa = PBXBuildFile; fileRef = F4AFECE62760F8B400548F41 /* AppDelegate.swift */; };
		F4AFECE92760F8B400548F41 /* SceneDelegate.swift in Sources */ = {isa = PBXBuildFile; fileRef = F4AFECE82760F8B400548F41 /* SceneDelegate.swift */; };
		F4AFECEB2760F8B400548F41 /* ViewController.swift in Sources */ = {isa = PBXBuildFile; fileRef = F4AFECEA2760F8B400548F41 /* ViewController.swift */; };
		F4AFECEE2760F8B400548F41 /* Main.storyboard in Resources */ = {isa = PBXBuildFile; fileRef = F4AFECEC2760F8B400548F41 /* Main.storyboard */; };
		F4AFECF02760F8B900548F41 /* Assets.xcassets in Resources */ = {isa = PBXBuildFile; fileRef = F4AFECEF2760F8B900548F41 /* Assets.xcassets */; };
		F4AFECF32760F8B900548F41 /* LaunchScreen.storyboard in Resources */ = {isa = PBXBuildFile; fileRef = F4AFECF12760F8B900548F41 /* LaunchScreen.storyboard */; };
		F4AFECFB2760F8D400548F41 /* ExampleView.xib in Resources */ = {isa = PBXBuildFile; fileRef = F4AFECFA2760F8D400548F41 /* ExampleView.xib */; };
		F4AFECFD276108F800548F41 /* ExapleView.swift in Sources */ = {isa = PBXBuildFile; fileRef = F4AFECFC276108F800548F41 /* ExapleView.swift */; };
/* End PBXBuildFile section */

/* Begin PBXFileReference section */
		F4AFECE32760F8B400548F41 /* UIView-Basics-Project.app */ = {isa = PBXFileReference; explicitFileType = wrapper.application; includeInIndex = 0; path = "UIView-Basics-Project.app"; sourceTree = BUILT_PRODUCTS_DIR; };
		F4AFECE62760F8B400548F41 /* AppDelegate.swift */ = {isa = PBXFileReference; lastKnownFileType = sourcecode.swift; path = AppDelegate.swift; sourceTree = "<group>"; };
		F4AFECE82760F8B400548F41 /* SceneDelegate.swift */ = {isa = PBXFileReference; lastKnownFileType = sourcecode.swift; path = SceneDelegate.swift; sourceTree = "<group>"; };
		F4AFECEA2760F8B400548F41 /* ViewController.swift */ = {isa = PBXFileReference; lastKnownFileType = sourcecode.swift; path = ViewController.swift; sourceTree = "<group>"; };
		F4AFECED2760F8B400548F41 /* Base */ = {isa = PBXFileReference; lastKnownFileType = file.storyboard; name = Base; path = Base.lproj/Main.storyboard; sourceTree = "<group>"; };
		F4AFECEF2760F8B900548F41 /* Assets.xcassets */ = {isa = PBXFileReference; lastKnownFileType = folder.assetcatalog; path = Assets.xcassets; sourceTree = "<group>"; };
		F4AFECF22760F8B900548F41 /* Base */ = {isa = PBXFileReference; lastKnownFileType = file.storyboard; name = Base; path = Base.lproj/LaunchScreen.storyboard; sourceTree = "<group>"; };
		F4AFECF42760F8B900548F41 /* Info.plist */ = {isa = PBXFileReference; lastKnownFileType = text.plist.xml; path = Info.plist; sourceTree = "<group>"; };
		F4AFECFA2760F8D400548F41 /* ExampleView.xib */ = {isa = PBXFileReference; lastKnownFileType = file.xib; path = ExampleView.xib; sourceTree = "<group>"; };
		F4AFECFC276108F800548F41 /* ExapleView.swift */ = {isa = PBXFileReference; lastKnownFileType = sourcecode.swift; path = ExapleView.swift; sourceTree = "<group>"; };
/* End PBXFileReference section */

/* Begin PBXFrameworksBuildPhase section */
		F4AFECE02760F8B400548F41 /* Frameworks */ = {
			isa = PBXFrameworksBuildPhase;
			buildActionMask = 2147483647;
			files = (
			);
			runOnlyForDeploymentPostprocessing = 0;
		};
/* End PBXFrameworksBuildPhase section */

/* Begin PBXGroup section */
		F4AFECDA2760F8B400548F41 = {
			isa = PBXGroup;
			children = (
				F4AFECE52760F8B400548F41 /* UIView-Basics-Project */,
				F4AFECE42760F8B400548F41 /* Products */,
			);
			sourceTree = "<group>";
		};
		F4AFECE42760F8B400548F41 /* Products */ = {
			isa = PBXGroup;
			children = (
				F4AFECE32760F8B400548F41 /* UIView-Basics-Project.app */,
			);
			name = Products;
			sourceTree = "<group>";
		};
		F4AFECE52760F8B400548F41 /* UIView-Basics-Project */ = {
			isa = PBXGroup;
			children = (
				F4AFECE62760F8B400548F41 /* AppDelegate.swift */,
				F4AFECE82760F8B400548F41 /* SceneDelegate.swift */,
				F4AFECEA2760F8B400548F41 /* ViewController.swift */,
				F4AFECFC276108F800548F41 /* ExapleView.swift */,
				F4AFECFA2760F8D400548F41 /* ExampleView.xib */,
				F4AFECEC2760F8B400548F41 /* Main.storyboard */,
				F4AFECF12760F8B900548F41 /* LaunchScreen.storyboard */,
				F4AFECEF2760F8B900548F41 /* Assets.xcassets */,
				F4AFECF42760F8B900548F41 /* Info.plist */,
			);
			path = "UIView-Basics-Project";
			sourceTree = "<group>";
		};
/* End PBXGroup section */

/* Begin PBXNativeTarget section */
		F4AFECE22760F8B400548F41 /* UIView-Basics-Project */ = {
			isa = PBXNativeTarget;
			buildConfigurationList = F4AFECF72760F8B900548F41 /* Build configuration list for PBXNativeTarget "UIView-Basics-Project" */;
			buildPhases = (
				F4AFECDF2760F8B400548F41 /* Sources */,
				F4AFECE02760F8B400548F41 /* Frameworks */,
				F4AFECE12760F8B400548F41 /* Resources */,
			);
			buildRules = (
			);
			dependencies = (
			);
			name = "UIView-Basics-Project";
			productName = "UIView-Basics-Project";
			productReference = F4AFECE32760F8B400548F41 /* UIView-Basics-Project.app */;
			productType = "com.apple.product-type.application";
		};
/* End PBXNativeTarget section */

/* Begin PBXProject section */
		F4AFECDB2760F8B400548F41 /* Project object */ = {
			isa = PBXProject;
			attributes = {
				BuildIndependentTargetsInParallel = 1;
				LastSwiftUpdateCheck = 1310;
				LastUpgradeCheck = 1310;
				TargetAttributes = {
					F4AFECE22760F8B400548F41 = {
						CreatedOnToolsVersion = 13.1;
					};
				};
			};
			buildConfigurationList = F4AFECDE2760F8B400548F41 /* Build configuration list for PBXProject "UIView-Basics-Project" */;
			compatibilityVersion = "Xcode 13.0";
			developmentRegion = en;
			hasScannedForEncodings = 0;
			knownRegions = (
				en,
				Base,
			);
			mainGroup = F4AFECDA2760F8B400548F41;
			productRefGroup = F4AFECE42760F8B400548F41 /* Products */;
			projectDirPath = "";
			projectRoot = "";
			targets = (
				F4AFECE22760F8B400548F41 /* UIView-Basics-Project */,
			);
		};
/* End PBXProject section */

/* Begin PBXResourcesBuildPhase section */
		F4AFECE12760F8B400548F41 /* Resources */ = {
			isa = PBXResourcesBuildPhase;
			buildActionMask = 2147483647;
			files = (
				F4AFECF32760F8B900548F41 /* LaunchScreen.storyboard in Resources */,
				F4AFECF02760F8B900548F41 /* Assets.xcassets in Resources */,
				F4AFECEE2760F8B400548F41 /* Main.storyboard in Resources */,
				F4AFECFB2760F8D400548F41 /* ExampleView.xib in Resources */,
			);
			runOnlyForDeploymentPostprocessing = 0;
		};
/* End PBXResourcesBuildPhase section */

/* Begin PBXSourcesBuildPhase section */
		F4AFECDF2760F8B400548F41 /* Sources */ = {
			isa = PBXSourcesBuildPhase;
			buildActionMask = 2147483647;
			files = (
				F4AFECEB2760F8B400548F41 /* ViewController.swift in Sources */,
				F4AFECFD276108F800548F41 /* ExapleView.swift in Sources */,
				F4AFECE72760F8B400548F41 /* AppDelegate.swift in Sources */,
				F4AFECE92760F8B400548F41 /* SceneDelegate.swift in Sources */,
			);
			runOnlyForDeploymentPostprocessing = 0;
		};
/* End PBXSourcesBuildPhase section */

/* Begin PBXVariantGroup section */
		F4AFECEC2760F8B400548F41 /* Main.storyboard */ = {
			isa = PBXVariantGroup;
			children = (
				F4AFECED2760F8B400548F41 /* Base */,
			);
			name = Main.storyboard;
			sourceTree = "<group>";
		};
		F4AFECF12760F8B900548F41 /* LaunchScreen.storyboard */ = {
			isa = PBXVariantGroup;
			children = (
				F4AFECF22760F8B900548F41 /* Base */,
			);
			name = LaunchScreen.storyboard;
			sourceTree = "<group>";
		};
/* End PBXVariantGroup section */

/* Begin XCBuildConfiguration section */
		F4AFECF52760F8B900548F41 /* Debug */ = {
			isa = XCBuildConfiguration;
			buildSettings = {
				ALWAYS_SEARCH_USER_PATHS = NO;
				CLANG_ANALYZER_NONNULL = YES;
				CLANG_ANALYZER_NUMBER_OBJECT_CONVERSION = YES_AGGRESSIVE;
				CLANG_CXX_LANGUAGE_STANDARD = "gnu++17";
				CLANG_CXX_LIBRARY = "libc++";
				CLANG_ENABLE_MODULES = YES;
				CLANG_ENABLE_OBJC_ARC = YES;
				CLANG_ENABLE_OBJC_WEAK = YES;
				CLANG_WARN_BLOCK_CAPTURE_AUTORELEASING = YES;
				CLANG_WARN_BOOL_CONVERSION = YES;
				CLANG_WARN_COMMA = YES;
				CLANG_WARN_CONSTANT_CONVERSION = YES;
				CLANG_WARN_DEPRECATED_OBJC_IMPLEMENTATIONS = YES;
				CLANG_WARN_DIRECT_OBJC_ISA_USAGE = YES_ERROR;
				CLANG_WARN_DOCUMENTATION_COMMENTS = YES;
				CLANG_WARN_EMPTY_BODY = YES;
				CLANG_WARN_ENUM_CONVERSION = YES;
				CLANG_WARN_INFINITE_RECURSION = YES;
				CLANG_WARN_INT_CONVERSION = YES;
				CLANG_WARN_NON_LITERAL_NULL_CONVERSION = YES;
				CLANG_WARN_OBJC_IMPLICIT_RETAIN_SELF = YES;
				CLANG_WARN_OBJC_LITERAL_CONVERSION = YES;
				CLANG_WARN_OBJC_ROOT_CLASS = YES_ERROR;
				CLANG_WARN_QUOTED_INCLUDE_IN_FRAMEWORK_HEADER = YES;
				CLANG_WARN_RANGE_LOOP_ANALYSIS = YES;
				CLANG_WARN_STRICT_PROTOTYPES = YES;
				CLANG_WARN_SUSPICIOUS_MOVE = YES;
				CLANG_WARN_UNGUARDED_AVAILABILITY = YES_AGGRESSIVE;
				CLANG_WARN_UNREACHABLE_CODE = YES;
				CLANG_WARN__DUPLICATE_METHOD_MATCH = YES;
				COPY_PHASE_STRIP = NO;
				DEBUG_INFORMATION_FORMAT = dwarf;
				ENABLE_STRICT_OBJC_MSGSEND = YES;
				ENABLE_TESTABILITY = YES;
				GCC_C_LANGUAGE_STANDARD = gnu11;
				GCC_DYNAMIC_NO_PIC = NO;
				GCC_NO_COMMON_BLOCKS = YES;
				GCC_OPTIMIZATION_LEVEL = 0;
				GCC_PREPROCESSOR_DEFINITIONS = (
					"DEBUG=1",
					"$(inherited)",
				);
				GCC_WARN_64_TO_32_BIT_CONVERSION = YES;
				GCC_WARN_ABOUT_RETURN_TYPE = YES_ERROR;
				GCC_WARN_UNDECLARED_SELECTOR = YES;
				GCC_WARN_UNINITIALIZED_AUTOS = YES_AGGRESSIVE;
				GCC_WARN_UNUSED_FUNCTION = YES;
				GCC_WARN_UNUSED_VARIABLE = YES;
				IPHONEOS_DEPLOYMENT_TARGET = 15.0;
				MTL_ENABLE_DEBUG_INFO = INCLUDE_SOURCE;
				MTL_FAST_MATH = YES;
				ONLY_ACTIVE_ARCH = YES;
				SDKROOT = iphoneos;
				SWIFT_ACTIVE_COMPILATION_CONDITIONS = DEBUG;
				SWIFT_OPTIMIZATION_LEVEL = "-Onone";
			};
			name = Debug;
		};
		F4AFECF62760F8B900548F41 /* Release */ = {
			isa = XCBuildConfiguration;
			buildSettings = {
				ALWAYS_SEARCH_USER_PATHS = NO;
				CLANG_ANALYZER_NONNULL = YES;
				CLANG_ANALYZER_NUMBER_OBJECT_CONVERSION = YES_AGGRESSIVE;
				CLANG_CXX_LANGUAGE_STANDARD = "gnu++17";
				CLANG_CXX_LIBRARY = "libc++";
				CLANG_ENABLE_MODULES = YES;
				CLANG_ENABLE_OBJC_ARC = YES;
				CLANG_ENABLE_OBJC_WEAK = YES;
				CLANG_WARN_BLOCK_CAPTURE_AUTORELEASING = YES;
				CLANG_WARN_BOOL_CONVERSION = YES;
				CLANG_WARN_COMMA = YES;
				CLANG_WARN_CONSTANT_CONVERSION = YES;
				CLANG_WARN_DEPRECATED_OBJC_IMPLEMENTATIONS = YES;
				CLANG_WARN_DIRECT_OBJC_ISA_USAGE = YES_ERROR;
				CLANG_WARN_DOCUMENTATION_COMMENTS = YES;
				CLANG_WARN_EMPTY_BODY = YES;
				CLANG_WARN_ENUM_CONVERSION = YES;
				CLANG_WARN_INFINITE_RECURSION = YES;
				CLANG_WARN_INT_CONVERSION = YES;
				CLANG_WARN_NON_LITERAL_NULL_CONVERSION = YES;
				CLANG_WARN_OBJC_IMPLICIT_RETAIN_SELF = YES;
				CLANG_WARN_OBJC_LITERAL_CONVERSION = YES;
				CLANG_WARN_OBJC_ROOT_CLASS = YES_ERROR;
				CLANG_WARN_QUOTED_INCLUDE_IN_FRAMEWORK_HEADER = YES;
				CLANG_WARN_RANGE_LOOP_ANALYSIS = YES;
				CLANG_WARN_STRICT_PROTOTYPES = YES;
				CLANG_WARN_SUSPICIOUS_MOVE = YES;
				CLANG_WARN_UNGUARDED_AVAILABILITY = YES_AGGRESSIVE;
				CLANG_WARN_UNREACHABLE_CODE = YES;
				CLANG_WARN__DUPLICATE_METHOD_MATCH = YES;
				COPY_PHASE_STRIP = NO;
				DEBUG_INFORMATION_FORMAT = "dwarf-with-dsym";
				ENABLE_NS_ASSERTIONS = NO;
				ENABLE_STRICT_OBJC_MSGSEND = YES;
				GCC_C_LANGUAGE_STANDARD = gnu11;
				GCC_NO_COMMON_BLOCKS = YES;
				GCC_WARN_64_TO_32_BIT_CONVERSION = YES;
				GCC_WARN_ABOUT_RETURN_TYPE = YES_ERROR;
				GCC_WARN_UNDECLARED_SELECTOR = YES;
				GCC_WARN_UNINITIALIZED_AUTOS = YES_AGGRESSIVE;
				GCC_WARN_UNUSED_FUNCTION = YES;
				GCC_WARN_UNUSED_VARIABLE = YES;
				IPHONEOS_DEPLOYMENT_TARGET = 15.0;
				MTL_ENABLE_DEBUG_INFO = NO;
				MTL_FAST_MATH = YES;
				SDKROOT = iphoneos;
				SWIFT_COMPILATION_MODE = wholemodule;
				SWIFT_OPTIMIZATION_LEVEL = "-O";
				VALIDATE_PRODUCT = YES;
			};
			name = Release;
		};
		F4AFECF82760F8B900548F41 /* Debug */ = {
			isa = XCBuildConfiguration;
			buildSettings = {
				ASSETCATALOG_COMPILER_APPICON_NAME = AppIcon;
				ASSETCATALOG_COMPILER_GLOBAL_ACCENT_COLOR_NAME = AccentColor;
				CODE_SIGN_STYLE = Automatic;
				CURRENT_PROJECT_VERSION = 1;
				DEVELOPMENT_TEAM = SX29N764W2;
				GENERATE_INFOPLIST_FILE = YES;
				INFOPLIST_FILE = "UIView-Basics-Project/Info.plist";
				INFOPLIST_KEY_UIApplicationSupportsIndirectInputEvents = YES;
				INFOPLIST_KEY_UILaunchStoryboardName = LaunchScreen;
				INFOPLIST_KEY_UIMainStoryboardFile = Main;
				INFOPLIST_KEY_UISupportedInterfaceOrientations_iPad = "UIInterfaceOrientationPortrait UIInterfaceOrientationPortraitUpsideDown UIInterfaceOrientationLandscapeLeft UIInterfaceOrientationLandscapeRight";
				INFOPLIST_KEY_UISupportedInterfaceOrientations_iPhone = "UIInterfaceOrientationPortrait UIInterfaceOrientationLandscapeLeft UIInterfaceOrientationLandscapeRight";
				LD_RUNPATH_SEARCH_PATHS = (
					"$(inherited)",
					"@executable_path/Frameworks",
				);
				MARKETING_VERSION = 1.0;
				PRODUCT_BUNDLE_IDENTIFIER = "com.hellodubrovsky.UIView-Basics-Project";
				PRODUCT_NAME = "$(TARGET_NAME)";
				SWIFT_EMIT_LOC_STRINGS = YES;
				SWIFT_VERSION = 5.0;
				TARGETED_DEVICE_FAMILY = "1,2";
			};
			name = Debug;
		};
		F4AFECF92760F8B900548F41 /* Release */ = {
			isa = XCBuildConfiguration;
			buildSettings = {
				ASSETCATALOG_COMPILER_APPICON_NAME = AppIcon;
				ASSETCATALOG_COMPILER_GLOBAL_ACCENT_COLOR_NAME = AccentColor;
				CODE_SIGN_STYLE = Automatic;
				CURRENT_PROJECT_VERSION = 1;
				DEVELOPMENT_TEAM = SX29N764W2;
				GENERATE_INFOPLIST_FILE = YES;
				INFOPLIST_FILE = "UIView-Basics-Project/Info.plist";
				INFOPLIST_KEY_UIApplicationSupportsIndirectInputEvents = YES;
				INFOPLIST_KEY_UILaunchStoryboardName = LaunchScreen;
				INFOPLIST_KEY_UIMainStoryboardFile = Main;
				INFOPLIST_KEY_UISupportedInterfaceOrientations_iPad = "UIInterfaceOrientationPortrait UIInterfaceOrientationPortraitUpsideDown UIInterfaceOrientationLandscapeLeft UIInterfaceOrientationLandscapeRight";
				INFOPLIST_KEY_UISupportedInterfaceOrientations_iPhone = "UIInterfaceOrientationPortrait UIInterfaceOrientationLandscapeLeft UIInterfaceOrientationLandscapeRight";
				LD_RUNPATH_SEARCH_PATHS = (
					"$(inherited)",
					"@executable_path/Frameworks",
				);
				MARKETING_VERSION = 1.0;
				PRODUCT_BUNDLE_IDENTIFIER = "com.hellodubrovsky.UIView-Basics-Project";
				PRODUCT_NAME = "$(TARGET_NAME)";
				SWIFT_EMIT_LOC_STRINGS = YES;
				SWIFT_VERSION = 5.0;
				TARGETED_DEVICE_FAMILY = "1,2";
			};
			name = Release;
		};
/* End XCBuildConfiguration section */

/* Begin XCConfigurationList section */
		F4AFECDE2760F8B400548F41 /* Build configuration list for PBXProject "UIView-Basics-Project" */ = {
			isa = XCConfigurationList;
			buildConfigurations = (
				F4AFECF52760F8B900548F41 /* Debug */,
				F4AFECF62760F8B900548F41 /* Release */,
			);
			defaultConfigurationIsVisible = 0;
			defaultConfigurationName = Release;
		};
		F4AFECF72760F8B900548F41 /* Build configuration list for PBXNativeTarget "UIView-Basics-Project" */ = {
			isa = XCConfigurationList;
			buildConfigurations = (
				F4AFECF82760F8B900548F41 /* Debug */,
				F4AFECF92760F8B900548F41 /* Release */,
			);
			defaultConfigurationIsVisible = 0;
			defaultConfigurationName = Release;
		};
/* End XCConfigurationList section */
	};
	rootObject = F4AFECDB2760F8B400548F41 /* Project object */;
}
